
Microsoft Visual Studio Solution File, Format Version 12.00
# Visual Studio Version 17
VisualStudioVersion = 17.10.35027.167
MinimumVisualStudioVersion = 10.0.40219.1
Project("{FAE04EC0-301F-11D3-BF4B-00C04F79EFBC}") = "Document_Reader", "Document_Reader\Document_Reader.csproj", "{61AEC774-D988-450B-9E66-D4E90428C89E}"
EndProject
Global
	GlobalSection(SolutionConfigurationPlatforms) = preSolution
		Debug|Any CPU = Debug|Any CPU
		Release|Any CPU = Release|Any CPU
	EndGlobalSection
	GlobalSection(ProjectConfigurationPlatforms) = postSolution
		{61AEC774-D988-450B-9E66-D4E90428C89E}.Debug|Any CPU.ActiveCfg = Debug|Any CPU
		{61AEC774-D988-450B-9E66-D4E90428C89E}.Debug|Any CPU.Build.0 = Debug|Any CPU
		{61AEC774-D988-450B-9E66-D4E90428C89E}.Release|Any CPU.ActiveCfg = Release|Any CPU
		{61AEC774-D988-450B-9E66-D4E90428C89E}.Release|Any CPU.Build.0 = Release|Any CPU
	EndGlobalSection
	GlobalSection(SolutionProperties) = preSolution
		HideSolutionNode = FALSE
	EndGlobalSection
	GlobalSection(ExtensibilityGlobals) = postSolution
		SolutionGuid = {5AF4CFD2-6E45-481A-BF4D-5B672A740CBB}
	EndGlobalSection
EndGlobal
